
Microsoft Visual Studio Solution File, Format Version 12.00
Project("{FAE04EC0-301F-11D3-BF4B-00C04F79EFBC}") = "CakeBuild", "CakeBuild\CakeBuild.csproj", "{15F21B31-EA24-46A4-9BD6-75BC29524B65}"
EndProject
Project("{FAE04EC0-301F-11D3-BF4B-00C04F79EFBC}") = "Minerz", "Minerz\Minerz.csproj", "{D90AABC2-2A74-486C-B986-8C4D39BE2FB0}"
EndProject
Global
	GlobalSection(SolutionConfigurationPlatforms) = preSolution
		Debug|Any CPU = Debug|Any CPU
		Release|Any CPU = Release|Any CPU
	EndGlobalSection
	GlobalSection(ProjectConfigurationPlatforms) = postSolution
		{15F21B31-EA24-46A4-9BD6-75BC29524B65}.Debug|Any CPU.ActiveCfg = Debug|Any CPU
		{15F21B31-EA24-46A4-9BD6-75BC29524B65}.Debug|Any CPU.Build.0 = Debug|Any CPU
		{15F21B31-EA24-46A4-9BD6-75BC29524B65}.Release|Any CPU.ActiveCfg = Release|Any CPU
		{15F21B31-EA24-46A4-9BD6-75BC29524B65}.Release|Any CPU.Build.0 = Release|Any CPU
		{D90AABC2-2A74-486C-B986-8C4D39BE2FB0}.Debug|Any CPU.ActiveCfg = Debug|Any CPU
		{D90AABC2-2A74-486C-B986-8C4D39BE2FB0}.Debug|Any CPU.Build.0 = Debug|Any CPU
		{D90AABC2-2A74-486C-B986-8C4D39BE2FB0}.Release|Any CPU.ActiveCfg = Release|Any CPU
		{D90AABC2-2A74-486C-B986-8C4D39BE2FB0}.Release|Any CPU.Build.0 = Release|Any CPU
	EndGlobalSection
EndGlobal
